
Microsoft Visual Studio Solution File, Format Version 12.00
# Visual Studio Version 17
VisualStudioVersion = 17.9.34728.123
MinimumVisualStudioVersion = 10.0.40219.1
Project("{FAE04EC0-301F-11D3-BF4B-00C04F79EFBC}") = "Vente", "Vente\Vente.csproj", "{4973AD47-63A6-4B8E-87A1-79E1E767E278}"
EndProject
Global
	GlobalSection(SolutionConfigurationPlatforms) = preSolution
		Debug|Any CPU = Debug|Any CPU
		Release|Any CPU = Release|Any CPU
	EndGlobalSection
	GlobalSection(ProjectConfigurationPlatforms) = postSolution
		{4973AD47-63A6-4B8E-87A1-79E1E767E278}.Debug|Any CPU.ActiveCfg = Debug|Any CPU
		{4973AD47-63A6-4B8E-87A1-79E1E767E278}.Debug|Any CPU.Build.0 = Debug|Any CPU
		{4973AD47-63A6-4B8E-87A1-79E1E767E278}.Release|Any CPU.ActiveCfg = Release|Any CPU
		{4973AD47-63A6-4B8E-87A1-79E1E767E278}.Release|Any CPU.Build.0 = Release|Any CPU
	EndGlobalSection
	GlobalSection(SolutionProperties) = preSolution
		HideSolutionNode = FALSE
	EndGlobalSection
	GlobalSection(ExtensibilityGlobals) = postSolution
		SolutionGuid = {A3452A7A-774A-45C7-B352-CC4DC3265492}
	EndGlobalSection
EndGlobal
